{
  "requires": true,
  "lockfileVersion": 1,
  "dependencies": {
    "@binarysearch/crud-tables": {
      "version": "0.0.4",
      "resolved": "https://registry.npmjs.org/@binarysearch/crud-tables/-/crud-tables-0.0.4.tgz",
      "integrity": "sha512-e+EnYFU2zzxzjb0goJLloAdnjh25SPFTdFSRJ6oHoOQ8P9faeYf3adURYdbLU0FU4uhtHqn+aXcREd7dMDThzg==",
      "requires": {
        "tslib": "^1.9.0"
      }
    },
    "tslib": {
      "version": "1.10.0",
      "resolved": "https://registry.npmjs.org/tslib/-/tslib-1.10.0.tgz",
      "integrity": "sha512-qOebF53frne81cf0S9B41ByenJ3/IuH8yJKngAX35CmiZySA0khhkovshKK+jGCaMnVomla7gVlIcc3EvKPbTQ=="
    }
  }
}
